// !$*UTF8*$!
{
	archiveVersion = 1;
	classes = {
	};
	objectVersion = 77;
	objects = {

/* Begin PBXContainerItemProxy section */
		FFA125662E09AD9B0037FE06 /* PBXContainerItemProxy */ = {
			isa = PBXContainerItemProxy;
			containerPortal = FFA125472E09AD980037FE06 /* Project object */;
			proxyType = 1;
			remoteGlobalIDString = FFA1254E2E09AD990037FE06;
			remoteInfo = PhotoGalleryApp;
		};
		FFA125702E09AD9B0037FE06 /* PBXContainerItemProxy */ = {
			isa = PBXContainerItemProxy;
			containerPortal = FFA125472E09AD980037FE06 /* Project object */;
			proxyType = 1;
			remoteGlobalIDString = FFA1254E2E09AD990037FE06;
			remoteInfo = PhotoGalleryApp;
		};
/* End PBXContainerItemProxy section */

/* Begin PBXFileReference section */
		FFA1254F2E09AD990037FE06 /* PhotoGalleryApp.app */ = {isa = PBXFileReference; explicitFileType = wrapper.application; includeInIndex = 0; path = PhotoGalleryApp.app; sourceTree = BUILT_PRODUCTS_DIR; };
		FFA125652E09AD9B0037FE06 /* PhotoGalleryAppTests.xctest */ = {isa = PBXFileReference; explicitFileType = wrapper.cfbundle; includeInIndex = 0; path = PhotoGalleryAppTests.xctest; sourceTree = BUILT_PRODUCTS_DIR; };
		FFA1256F2E09AD9B0037FE06 /* PhotoGalleryAppUITests.xctest */ = {isa = PBXFileReference; explicitFileType = wrapper.cfbundle; includeInIndex = 0; path = PhotoGalleryAppUITests.xctest; sourceTree = BUILT_PRODUCTS_DIR; };
/* End PBXFileReference section */

/* Begin PBXFileSystemSynchronizedBuildFileExceptionSet section */
		FFA125772E09AD9B0037FE06 /* Exceptions for "PhotoGalleryApp" folder in "PhotoGalleryApp" target */ = {
			isa = PBXFileSystemSynchronizedBuildFileExceptionSet;
			membershipExceptions = (
				Info.plist,
			);
			target = FFA1254E2E09AD990037FE06 /* PhotoGalleryApp */;
		};
/* End PBXFileSystemSynchronizedBuildFileExceptionSet section */

/* Begin PBXFileSystemSynchronizedRootGroup section */
		FFA125512E09AD990037FE06 /* PhotoGalleryApp */ = {
			isa = PBXFileSystemSynchronizedRootGroup;
			exceptions = (
				FFA125772E09AD9B0037FE06 /* Exceptions for "PhotoGalleryApp" folder in "PhotoGalleryApp" target */,
			);
			path = PhotoGalleryApp;
			sourceTree = "<group>";
		};
		FFA125682E09AD9B0037FE06 /* PhotoGalleryAppTests */ = {
			isa = PBXFileSystemSynchronizedRootGroup;
			path = PhotoGalleryAppTests;
			sourceTree = "<group>";
		};
		FFA125722E09AD9B0037FE06 /* PhotoGalleryAppUITests */ = {
			isa = PBXFileSystemSynchronizedRootGroup;
			path = PhotoGalleryAppUITests;
			sourceTree = "<group>";
		};
/* End PBXFileSystemSynchronizedRootGroup section */

/* Begin PBXFrameworksBuildPhase section */
		FFA1254C2E09AD990037FE06 /* Frameworks */ = {
			isa = PBXFrameworksBuildPhase;
			buildActionMask = 2147483647;
			files = (
			);
			runOnlyForDeploymentPostprocessing = 0;
		};
		FFA125622E09AD9B0037FE06 /* Frameworks */ = {
			isa = PBXFrameworksBuildPhase;
			buildActionMask = 2147483647;
			files = (
			);
			runOnlyForDeploymentPostprocessing = 0;
		};
		FFA1256C2E09AD9B0037FE06 /* Frameworks */ = {
			isa = PBXFrameworksBuildPhase;
			buildActionMask = 2147483647;
			files = (
			);
			runOnlyForDeploymentPostprocessing = 0;
		};
/* End PBXFrameworksBuildPhase section */

/* Begin PBXGroup section */
		FFA125462E09AD980037FE06 = {
			isa = PBXGroup;
			children = (
				FFA125512E09AD990037FE06 /* PhotoGalleryApp */,
				FFA125682E09AD9B0037FE06 /* PhotoGalleryAppTests */,
				FFA125722E09AD9B0037FE06 /* PhotoGalleryAppUITests */,
				FFA125502E09AD990037FE06 /* Products */,
			);
			sourceTree = "<group>";
		};
		FFA125502E09AD990037FE06 /* Products */ = {
			isa = PBXGroup;
			children = (
				FFA1254F2E09AD990037FE06 /* PhotoGalleryApp.app */,
				FFA125652E09AD9B0037FE06 /* PhotoGalleryAppTests.xctest */,
				FFA1256F2E09AD9B0037FE06 /* PhotoGalleryAppUITests.xctest */,
			);
			name = Products;
			sourceTree = "<group>";
		};
/* End PBXGroup section */

/* Begin PBXNativeTarget section */
		FFA1254E2E09AD990037FE06 /* PhotoGalleryApp */ = {
			isa = PBXNativeTarget;
			buildConfigurationList = FFA125782E09AD9B0037FE06 /* Build configuration list for PBXNativeTarget "PhotoGalleryApp" */;
			buildPhases = (
				FFA1254B2E09AD990037FE06 /* Sources */,
				FFA1254C2E09AD990037FE06 /* Frameworks */,
				FFA1254D2E09AD990037FE06 /* Resources */,
			);
			buildRules = (
			);
			dependencies = (
			);
			fileSystemSynchronizedGroups = (
				FFA125512E09AD990037FE06 /* PhotoGalleryApp */,
			);
			name = PhotoGalleryApp;
			packageProductDependencies = (
			);
			productName = PhotoGalleryApp;
			productReference = FFA1254F2E09AD990037FE06 /* PhotoGalleryApp.app */;
			productType = "com.apple.product-type.application";
		};
		FFA125642E09AD9B0037FE06 /* PhotoGalleryAppTests */ = {
			isa = PBXNativeTarget;
			buildConfigurationList = FFA1257D2E09AD9B0037FE06 /* Build configuration list for PBXNativeTarget "PhotoGalleryAppTests" */;
			buildPhases = (
				FFA125612E09AD9B0037FE06 /* Sources */,
				FFA125622E09AD9B0037FE06 /* Frameworks */,
				FFA125632E09AD9B0037FE06 /* Resources */,
			);
			buildRules = (
			);
			dependencies = (
				FFA125672E09AD9B0037FE06 /* PBXTargetDependency */,
			);
			fileSystemSynchronizedGroups = (
				FFA125682E09AD9B0037FE06 /* PhotoGalleryAppTests */,
			);
			name = PhotoGalleryAppTests;
			packageProductDependencies = (
			);
			productName = PhotoGalleryAppTests;
			productReference = FFA125652E09AD9B0037FE06 /* PhotoGalleryAppTests.xctest */;
			productType = "com.apple.product-type.bundle.unit-test";
		};
		FFA1256E2E09AD9B0037FE06 /* PhotoGalleryAppUITests */ = {
			isa = PBXNativeTarget;
			buildConfigurationList = FFA125802E09AD9B0037FE06 /* Build configuration list for PBXNativeTarget "PhotoGalleryAppUITests" */;
			buildPhases = (
				FFA1256B2E09AD9B0037FE06 /* Sources */,
				FFA1256C2E09AD9B0037FE06 /* Frameworks */,
				FFA1256D2E09AD9B0037FE06 /* Resources */,
			);
			buildRules = (
			);
			dependencies = (
				FFA125712E09AD9B0037FE06 /* PBXTargetDependency */,
			);
			fileSystemSynchronizedGroups = (
				FFA125722E09AD9B0037FE06 /* PhotoGalleryAppUITests */,
			);
			name = PhotoGalleryAppUITests;
			packageProductDependencies = (
			);
			productName = PhotoGalleryAppUITests;
			productReference = FFA1256F2E09AD9B0037FE06 /* PhotoGalleryAppUITests.xctest */;
			productType = "com.apple.product-type.bundle.ui-testing";
		};
/* End PBXNativeTarget section */

/* Begin PBXProject section */
		FFA125472E09AD980037FE06 /* Project object */ = {
			isa = PBXProject;
			attributes = {
				BuildIndependentTargetsInParallel = 1;
				LastSwiftUpdateCheck = 1640;
				LastUpgradeCheck = 1640;
				TargetAttributes = {
					FFA1254E2E09AD990037FE06 = {
						CreatedOnToolsVersion = 16.4;
					};
					FFA125642E09AD9B0037FE06 = {
						CreatedOnToolsVersion = 16.4;
						TestTargetID = FFA1254E2E09AD990037FE06;
					};
					FFA1256E2E09AD9B0037FE06 = {
						CreatedOnToolsVersion = 16.4;
						TestTargetID = FFA1254E2E09AD990037FE06;
					};
				};
			};
			buildConfigurationList = FFA1254A2E09AD980037FE06 /* Build configuration list for PBXProject "PhotoGalleryApp" */;
			developmentRegion = en;
			hasScannedForEncodings = 0;
			knownRegions = (
				en,
				Base,
			);
			mainGroup = FFA125462E09AD980037FE06;
			minimizedProjectReferenceProxies = 1;
			preferredProjectObjectVersion = 77;
			productRefGroup = FFA125502E09AD990037FE06 /* Products */;
			projectDirPath = "";
			projectRoot = "";
			targets = (
				FFA1254E2E09AD990037FE06 /* PhotoGalleryApp */,
				FFA125642E09AD9B0037FE06 /* PhotoGalleryAppTests */,
				FFA1256E2E09AD9B0037FE06 /* PhotoGalleryAppUITests */,
			);
		};
/* End PBXProject section */

/* Begin PBXResourcesBuildPhase section */
		FFA1254D2E09AD990037FE06 /* Resources */ = {
			isa = PBXResourcesBuildPhase;
			buildActionMask = 2147483647;
			files = (
			);
			runOnlyForDeploymentPostprocessing = 0;
		};
		FFA125632E09AD9B0037FE06 /* Resources */ = {
			isa = PBXResourcesBuildPhase;
			buildActionMask = 2147483647;
			files = (
			);
			runOnlyForDeploymentPostprocessing = 0;
		};
		FFA1256D2E09AD9B0037FE06 /* Resources */ = {
			isa = PBXResourcesBuildPhase;
			buildActionMask = 2147483647;
			files = (
			);
			runOnlyForDeploymentPostprocessing = 0;
		};
/* End PBXResourcesBuildPhase section */

/* Begin PBXSourcesBuildPhase section */
		FFA1254B2E09AD990037FE06 /* Sources */ = {
			isa = PBXSourcesBuildPhase;
			buildActionMask = 2147483647;
			files = (
			);
			runOnlyForDeploymentPostprocessing = 0;
		};
		FFA125612E09AD9B0037FE06 /* Sources */ = {
			isa = PBXSourcesBuildPhase;
			buildActionMask = 2147483647;
			files = (
			);
			runOnlyForDeploymentPostprocessing = 0;
		};
		FFA1256B2E09AD9B0037FE06 /* Sources */ = {
			isa = PBXSourcesBuildPhase;
			buildActionMask = 2147483647;
			files = (
			);
			runOnlyForDeploymentPostprocessing = 0;
		};
/* End PBXSourcesBuildPhase section */

/* Begin PBXTargetDependency section */
		FFA125672E09AD9B0037FE06 /* PBXTargetDependency */ = {
			isa = PBXTargetDependency;
			target = FFA1254E2E09AD990037FE06 /* PhotoGalleryApp */;
			targetProxy = FFA125662E09AD9B0037FE06 /* PBXContainerItemProxy */;
		};
		FFA125712E09AD9B0037FE06 /* PBXTargetDependency */ = {
			isa = PBXTargetDependency;
			target = FFA1254E2E09AD990037FE06 /* PhotoGalleryApp */;
			targetProxy = FFA125702E09AD9B0037FE06 /* PBXContainerItemProxy */;
		};
/* End PBXTargetDependency section */

/* Begin XCBuildConfiguration section */
		FFA125792E09AD9B0037FE06 /* Debug */ = {
			isa = XCBuildConfiguration;
			buildSettings = {
				ASSETCATALOG_COMPILER_APPICON_NAME = AppIcon;
				ASSETCATALOG_COMPILER_GLOBAL_ACCENT_COLOR_NAME = AccentColor;
				CODE_SIGN_STYLE = Automatic;
				CURRENT_PROJECT_VERSION = 1;
				DEVELOPMENT_TEAM = Y56K7W9639;
				GENERATE_INFOPLIST_FILE = YES;
				INFOPLIST_FILE = PhotoGalleryApp/Info.plist;
				INFOPLIST_KEY_UIApplicationSupportsIndirectInputEvents = YES;
				INFOPLIST_KEY_UILaunchStoryboardName = LaunchScreen;
				INFOPLIST_KEY_UIMainStoryboardFile = Main;
				INFOPLIST_KEY_UISupportedInterfaceOrientations_iPad = "UIInterfaceOrientationPortrait UIInterfaceOrientationPortraitUpsideDown UIInterfaceOrientationLandscapeLeft UIInterfaceOrientationLandscapeRight";
				INFOPLIST_KEY_UISupportedInterfaceOrientations_iPhone = "UIInterfaceOrientationPortrait UIInterfaceOrientationLandscapeLeft UIInterfaceOrientationLandscapeRight";
				IPHONEOS_DEPLOYMENT_TARGET = 17.6;
				LD_RUNPATH_SEARCH_PATHS = (
					"$(inherited)",
					"@executable_path/Frameworks",
				);
				MARKETING_VERSION = 1.0;
				PRODUCT_BUNDLE_IDENTIFIER = "Seda-Kirakosyan.PhotoGalleryApp";
				PRODUCT_NAME = "$(TARGET_NAME)";
				SWIFT_EMIT_LOC_STRINGS = YES;
				SWIFT_VERSION = 5.0;
				TARGETED_DEVICE_FAMILY = "1,2";
			};
			name = Debug;
		};
		FFA1257A2E09AD9B0037FE06 /* Release */ = {
			isa = XCBuildConfiguration;
			buildSettings = {
				ASSETCATALOG_COMPILER_APPICON_NAME = AppIcon;
				ASSETCATALOG_COMPILER_GLOBAL_ACCENT_COLOR_NAME = AccentColor;
				CODE_SIGN_STYLE = Automatic;
				CURRENT_PROJECT_VERSION = 1;
				DEVELOPMENT_TEAM = Y56K7W9639;
				GENERATE_INFOPLIST_FILE = YES;
				INFOPLIST_FILE = PhotoGalleryApp/Info.plist;
				INFOPLIST_KEY_UIApplicationSupportsIndirectInputEvents = YES;
				INFOPLIST_KEY_UILaunchStoryboardName = LaunchScreen;
				INFOPLIST_KEY_UIMainStoryboardFile = Main;
				INFOPLIST_KEY_UISupportedInterfaceOrientations_iPad = "UIInterfaceOrientationPortrait UIInterfaceOrientationPortraitUpsideDown UIInterfaceOrientationLandscapeLeft UIInterfaceOrientationLandscapeRight";
				INFOPLIST_KEY_UISupportedInterfaceOrientations_iPhone = "UIInterfaceOrientationPortrait UIInterfaceOrientationLandscapeLeft UIInterfaceOrientationLandscapeRight";
				IPHONEOS_DEPLOYMENT_TARGET = 17.6;
				LD_RUNPATH_SEARCH_PATHS = (
					"$(inherited)",
					"@executable_path/Frameworks",
				);
				MARKETING_VERSION = 1.0;
				PRODUCT_BUNDLE_IDENTIFIER = "Seda-Kirakosyan.PhotoGalleryApp";
				PRODUCT_NAME = "$(TARGET_NAME)";
				SWIFT_EMIT_LOC_STRINGS = YES;
				SWIFT_VERSION = 5.0;
				TARGETED_DEVICE_FAMILY = "1,2";
			};
			name = Release;
		};
		FFA1257B2E09AD9B0037FE06 /* Debug */ = {
			isa = XCBuildConfiguration;
			buildSettings = {
				ALWAYS_SEARCH_USER_PATHS = NO;
				ASSETCATALOG_COMPILER_GENERATE_SWIFT_ASSET_SYMBOL_EXTENSIONS = YES;
				CLANG_ANALYZER_NONNULL = YES;
				CLANG_ANALYZER_NUMBER_OBJECT_CONVERSION = YES_AGGRESSIVE;
				CLANG_CXX_LANGUAGE_STANDARD = "gnu++20";
				CLANG_ENABLE_MODULES = YES;
				CLANG_ENABLE_OBJC_ARC = YES;
				CLANG_ENABLE_OBJC_WEAK = YES;
				CLANG_WARN_BLOCK_CAPTURE_AUTORELEASING = YES;
				CLANG_WARN_BOOL_CONVERSION = YES;
				CLANG_WARN_COMMA = YES;
				CLANG_WARN_CONSTANT_CONVERSION = YES;
				CLANG_WARN_DEPRECATED_OBJC_IMPLEMENTATIONS = YES;
				CLANG_WARN_DIRECT_OBJC_ISA_USAGE = YES_ERROR;
				CLANG_WARN_DOCUMENTATION_COMMENTS = YES;
				CLANG_WARN_EMPTY_BODY = YES;
				CLANG_WARN_ENUM_CONVERSION = YES;
				CLANG_WARN_INFINITE_RECURSION = YES;
				CLANG_WARN_INT_CONVERSION = YES;
				CLANG_WARN_NON_LITERAL_NULL_CONVERSION = YES;
				CLANG_WARN_OBJC_IMPLICIT_RETAIN_SELF = YES;
				CLANG_WARN_OBJC_LITERAL_CONVERSION = YES;
				CLANG_WARN_OBJC_ROOT_CLASS = YES_ERROR;
				CLANG_WARN_QUOTED_INCLUDE_IN_FRAMEWORK_HEADER = YES;
				CLANG_WARN_RANGE_LOOP_ANALYSIS = YES;
				CLANG_WARN_STRICT_PROTOTYPES = YES;
				CLANG_WARN_SUSPICIOUS_MOVE = YES;
				CLANG_WARN_UNGUARDED_AVAILABILITY = YES_AGGRESSIVE;
				CLANG_WARN_UNREACHABLE_CODE = YES;
				CLANG_WARN__DUPLICATE_METHOD_MATCH = YES;
				COPY_PHASE_STRIP = NO;
				DEBUG_INFORMATION_FORMAT = dwarf;
				ENABLE_STRICT_OBJC_MSGSEND = YES;
				ENABLE_TESTABILITY = YES;
				ENABLE_USER_SCRIPT_SANDBOXING = YES;
				GCC_C_LANGUAGE_STANDARD = gnu17;
				GCC_DYNAMIC_NO_PIC = NO;
				GCC_NO_COMMON_BLOCKS = YES;
				GCC_OPTIMIZATION_LEVEL = 0;
				GCC_PREPROCESSOR_DEFINITIONS = (
					"DEBUG=1",
					"$(inherited)",
				);
				GCC_WARN_64_TO_32_BIT_CONVERSION = YES;
				GCC_WARN_ABOUT_RETURN_TYPE = YES_ERROR;
				GCC_WARN_UNDECLARED_SELECTOR = YES;
				GCC_WARN_UNINITIALIZED_AUTOS = YES_AGGRESSIVE;
				GCC_WARN_UNUSED_FUNCTION = YES;
				GCC_WARN_UNUSED_VARIABLE = YES;
				IPHONEOS_DEPLOYMENT_TARGET = 18.5;
				LOCALIZATION_PREFERS_STRING_CATALOGS = YES;
				MTL_ENABLE_DEBUG_INFO = INCLUDE_SOURCE;
				MTL_FAST_MATH = YES;
				ONLY_ACTIVE_ARCH = YES;
				SDKROOT = iphoneos;
				SWIFT_ACTIVE_COMPILATION_CONDITIONS = "DEBUG $(inherited)";
				SWIFT_OPTIMIZATION_LEVEL = "-Onone";
			};
			name = Debug;
		};
		FFA1257C2E09AD9B0037FE06 /* Release */ = {
			isa = XCBuildConfiguration;
			buildSettings = {
				ALWAYS_SEARCH_USER_PATHS = NO;
				ASSETCATALOG_COMPILER_GENERATE_SWIFT_ASSET_SYMBOL_EXTENSIONS = YES;
				CLANG_ANALYZER_NONNULL = YES;
				CLANG_ANALYZER_NUMBER_OBJECT_CONVERSION = YES_AGGRESSIVE;
				CLANG_CXX_LANGUAGE_STANDARD = "gnu++20";
				CLANG_ENABLE_MODULES = YES;
				CLANG_ENABLE_OBJC_ARC = YES;
				CLANG_ENABLE_OBJC_WEAK = YES;
				CLANG_WARN_BLOCK_CAPTURE_AUTORELEASING = YES;
				CLANG_WARN_BOOL_CONVERSION = YES;
				CLANG_WARN_COMMA = YES;
				CLANG_WARN_CONSTANT_CONVERSION = YES;
				CLANG_WARN_DEPRECATED_OBJC_IMPLEMENTATIONS = YES;
				CLANG_WARN_DIRECT_OBJC_ISA_USAGE = YES_ERROR;
				CLANG_WARN_DOCUMENTATION_COMMENTS = YES;
				CLANG_WARN_EMPTY_BODY = YES;
				CLANG_WARN_ENUM_CONVERSION = YES;
				CLANG_WARN_INFINITE_RECURSION = YES;
				CLANG_WARN_INT_CONVERSION = YES;
				CLANG_WARN_NON_LITERAL_NULL_CONVERSION = YES;
				CLANG_WARN_OBJC_IMPLICIT_RETAIN_SELF = YES;
				CLANG_WARN_OBJC_LITERAL_CONVERSION = YES;
				CLANG_WARN_OBJC_ROOT_CLASS = YES_ERROR;
				CLANG_WARN_QUOTED_INCLUDE_IN_FRAMEWORK_HEADER = YES;
				CLANG_WARN_RANGE_LOOP_ANALYSIS = YES;
				CLANG_WARN_STRICT_PROTOTYPES = YES;
				CLANG_WARN_SUSPICIOUS_MOVE = YES;
				CLANG_WARN_UNGUARDED_AVAILABILITY = YES_AGGRESSIVE;
				CLANG_WARN_UNREACHABLE_CODE = YES;
				CLANG_WARN__DUPLICATE_METHOD_MATCH = YES;
				COPY_PHASE_STRIP = NO;
				DEBUG_INFORMATION_FORMAT = "dwarf-with-dsym";
				ENABLE_NS_ASSERTIONS = NO;
				ENABLE_STRICT_OBJC_MSGSEND = YES;
				ENABLE_USER_SCRIPT_SANDBOXING = YES;
				GCC_C_LANGUAGE_STANDARD = gnu17;
				GCC_NO_COMMON_BLOCKS = YES;
				GCC_WARN_64_TO_32_BIT_CONVERSION = YES;
				GCC_WARN_ABOUT_RETURN_TYPE = YES_ERROR;
				GCC_WARN_UNDECLARED_SELECTOR = YES;
				GCC_WARN_UNINITIALIZED_AUTOS = YES_AGGRESSIVE;
				GCC_WARN_UNUSED_FUNCTION = YES;
				GCC_WARN_UNUSED_VARIABLE = YES;
				IPHONEOS_DEPLOYMENT_TARGET = 18.5;
				LOCALIZATION_PREFERS_STRING_CATALOGS = YES;
				MTL_ENABLE_DEBUG_INFO = NO;
				MTL_FAST_MATH = YES;
				SDKROOT = iphoneos;
				SWIFT_COMPILATION_MODE = wholemodule;
				VALIDATE_PRODUCT = YES;
			};
			name = Release;
		};
		FFA1257E2E09AD9B0037FE06 /* Debug */ = {
			isa = XCBuildConfiguration;
			buildSettings = {
				BUNDLE_LOADER = "$(TEST_HOST)";
				CODE_SIGN_STYLE = Automatic;
				CURRENT_PROJECT_VERSION = 1;
				GENERATE_INFOPLIST_FILE = YES;
				IPHONEOS_DEPLOYMENT_TARGET = 18.5;
				MARKETING_VERSION = 1.0;
				PRODUCT_BUNDLE_IDENTIFIER = "Seda-Kirakosyan.PhotoGalleryAppTests";
				PRODUCT_NAME = "$(TARGET_NAME)";
				SWIFT_EMIT_LOC_STRINGS = NO;
				SWIFT_VERSION = 5.0;
				TARGETED_DEVICE_FAMILY = "1,2";
				TEST_HOST = "$(BUILT_PRODUCTS_DIR)/PhotoGalleryApp.app/$(BUNDLE_EXECUTABLE_FOLDER_PATH)/PhotoGalleryApp";
			};
			name = Debug;
		};
		FFA1257F2E09AD9B0037FE06 /* Release */ = {
			isa = XCBuildConfiguration;
			buildSettings = {
				BUNDLE_LOADER = "$(TEST_HOST)";
				CODE_SIGN_STYLE = Automatic;
				CURRENT_PROJECT_VERSION = 1;
				GENERATE_INFOPLIST_FILE = YES;
				IPHONEOS_DEPLOYMENT_TARGET = 18.5;
				MARKETING_VERSION = 1.0;
				PRODUCT_BUNDLE_IDENTIFIER = "Seda-Kirakosyan.PhotoGalleryAppTests";
				PRODUCT_NAME = "$(TARGET_NAME)";
				SWIFT_EMIT_LOC_STRINGS = NO;
				SWIFT_VERSION = 5.0;
				TARGETED_DEVICE_FAMILY = "1,2";
				TEST_HOST = "$(BUILT_PRODUCTS_DIR)/PhotoGalleryApp.app/$(BUNDLE_EXECUTABLE_FOLDER_PATH)/PhotoGalleryApp";
			};
			name = Release;
		};
		FFA125812E09AD9B0037FE06 /* Debug */ = {
			isa = XCBuildConfiguration;
			buildSettings = {
				CODE_SIGN_STYLE = Automatic;
				CURRENT_PROJECT_VERSION = 1;
				GENERATE_INFOPLIST_FILE = YES;
				MARKETING_VERSION = 1.0;
				PRODUCT_BUNDLE_IDENTIFIER = "Seda-Kirakosyan.PhotoGalleryAppUITests";
				PRODUCT_NAME = "$(TARGET_NAME)";
				SWIFT_EMIT_LOC_STRINGS = NO;
				SWIFT_VERSION = 5.0;
				TARGETED_DEVICE_FAMILY = "1,2";
				TEST_TARGET_NAME = PhotoGalleryApp;
			};
			name = Debug;
		};
		FFA125822E09AD9B0037FE06 /* Release */ = {
			isa = XCBuildConfiguration;
			buildSettings = {
				CODE_SIGN_STYLE = Automatic;
				CURRENT_PROJECT_VERSION = 1;
				GENERATE_INFOPLIST_FILE = YES;
				MARKETING_VERSION = 1.0;
				PRODUCT_BUNDLE_IDENTIFIER = "Seda-Kirakosyan.PhotoGalleryAppUITests";
				PRODUCT_NAME = "$(TARGET_NAME)";
				SWIFT_EMIT_LOC_STRINGS = NO;
				SWIFT_VERSION = 5.0;
				TARGETED_DEVICE_FAMILY = "1,2";
				TEST_TARGET_NAME = PhotoGalleryApp;
			};
			name = Release;
		};
/* End XCBuildConfiguration section */

/* Begin XCConfigurationList section */
		FFA1254A2E09AD980037FE06 /* Build configuration list for PBXProject "PhotoGalleryApp" */ = {
			isa = XCConfigurationList;
			buildConfigurations = (
				FFA1257B2E09AD9B0037FE06 /* Debug */,
				FFA1257C2E09AD9B0037FE06 /* Release */,
			);
			defaultConfigurationIsVisible = 0;
			defaultConfigurationName = Release;
		};
		FFA125782E09AD9B0037FE06 /* Build configuration list for PBXNativeTarget "PhotoGalleryApp" */ = {
			isa = XCConfigurationList;
			buildConfigurations = (
				FFA125792E09AD9B0037FE06 /* Debug */,
				FFA1257A2E09AD9B0037FE06 /* Release */,
			);
			defaultConfigurationIsVisible = 0;
			defaultConfigurationName = Release;
		};
		FFA1257D2E09AD9B0037FE06 /* Build configuration list for PBXNativeTarget "PhotoGalleryAppTests" */ = {
			isa = XCConfigurationList;
			buildConfigurations = (
				FFA1257E2E09AD9B0037FE06 /* Debug */,
				FFA1257F2E09AD9B0037FE06 /* Release */,
			);
			defaultConfigurationIsVisible = 0;
			defaultConfigurationName = Release;
		};
		FFA125802E09AD9B0037FE06 /* Build configuration list for PBXNativeTarget "PhotoGalleryAppUITests" */ = {
			isa = XCConfigurationList;
			buildConfigurations = (
				FFA125812E09AD9B0037FE06 /* Debug */,
				FFA125822E09AD9B0037FE06 /* Release */,
			);
			defaultConfigurationIsVisible = 0;
			defaultConfigurationName = Release;
		};
/* End XCConfigurationList section */
	};
	rootObject = FFA125472E09AD980037FE06 /* Project object */;
}
