// !$*UTF8*$!
{
	archiveVersion = 1;
	classes = {
	};
	objectVersion = 77;
	objects = {

/* Begin PBXContainerItemProxy section */
		FFAE7A612E4CEF2D009E852B /* PBXContainerItemProxy */ = {
			isa = PBXContainerItemProxy;
			containerPortal = FFAE7A4B2E4CEF2A009E852B /* Project object */;
			proxyType = 1;
			remoteGlobalIDString = FFAE7A522E4CEF2A009E852B;
			remoteInfo = Task_7;
		};
		FFAE7A6B2E4CEF2D009E852B /* PBXContainerItemProxy */ = {
			isa = PBXContainerItemProxy;
			containerPortal = FFAE7A4B2E4CEF2A009E852B /* Project object */;
			proxyType = 1;
			remoteGlobalIDString = FFAE7A522E4CEF2A009E852B;
			remoteInfo = Task_7;
		};
/* End PBXContainerItemProxy section */

/* Begin PBXFileReference section */
		FFAE7A532E4CEF2A009E852B /* Task_7.app */ = {isa = PBXFileReference; explicitFileType = wrapper.application; includeInIndex = 0; path = Task_7.app; sourceTree = BUILT_PRODUCTS_DIR; };
		FFAE7A602E4CEF2D009E852B /* Task_7Tests.xctest */ = {isa = PBXFileReference; explicitFileType = wrapper.cfbundle; includeInIndex = 0; path = Task_7Tests.xctest; sourceTree = BUILT_PRODUCTS_DIR; };
		FFAE7A6A2E4CEF2D009E852B /* Task_7UITests.xctest */ = {isa = PBXFileReference; explicitFileType = wrapper.cfbundle; includeInIndex = 0; path = Task_7UITests.xctest; sourceTree = BUILT_PRODUCTS_DIR; };
/* End PBXFileReference section */

/* Begin PBXFileSystemSynchronizedRootGroup section */
		FFAE7A552E4CEF2A009E852B /* Task_7 */ = {
			isa = PBXFileSystemSynchronizedRootGroup;
			path = Task_7;
			sourceTree = "<group>";
		};
		FFAE7A632E4CEF2D009E852B /* Task_7Tests */ = {
			isa = PBXFileSystemSynchronizedRootGroup;
			path = Task_7Tests;
			sourceTree = "<group>";
		};
		FFAE7A6D2E4CEF2D009E852B /* Task_7UITests */ = {
			isa = PBXFileSystemSynchronizedRootGroup;
			path = Task_7UITests;
			sourceTree = "<group>";
		};
/* End PBXFileSystemSynchronizedRootGroup section */

/* Begin PBXFrameworksBuildPhase section */
		FFAE7A502E4CEF2A009E852B /* Frameworks */ = {
			isa = PBXFrameworksBuildPhase;
			buildActionMask = 2147483647;
			files = (
			);
			runOnlyForDeploymentPostprocessing = 0;
		};
		FFAE7A5D2E4CEF2D009E852B /* Frameworks */ = {
			isa = PBXFrameworksBuildPhase;
			buildActionMask = 2147483647;
			files = (
			);
			runOnlyForDeploymentPostprocessing = 0;
		};
		FFAE7A672E4CEF2D009E852B /* Frameworks */ = {
			isa = PBXFrameworksBuildPhase;
			buildActionMask = 2147483647;
			files = (
			);
			runOnlyForDeploymentPostprocessing = 0;
		};
/* End PBXFrameworksBuildPhase section */

/* Begin PBXGroup section */
		FFAE7A4A2E4CEF2A009E852B = {
			isa = PBXGroup;
			children = (
				FFAE7A552E4CEF2A009E852B /* Task_7 */,
				FFAE7A632E4CEF2D009E852B /* Task_7Tests */,
				FFAE7A6D2E4CEF2D009E852B /* Task_7UITests */,
				FFAE7A542E4CEF2A009E852B /* Products */,
			);
			sourceTree = "<group>";
		};
		FFAE7A542E4CEF2A009E852B /* Products */ = {
			isa = PBXGroup;
			children = (
				FFAE7A532E4CEF2A009E852B /* Task_7.app */,
				FFAE7A602E4CEF2D009E852B /* Task_7Tests.xctest */,
				FFAE7A6A2E4CEF2D009E852B /* Task_7UITests.xctest */,
			);
			name = Products;
			sourceTree = "<group>";
		};
/* End PBXGroup section */

/* Begin PBXNativeTarget section */
		FFAE7A522E4CEF2A009E852B /* Task_7 */ = {
			isa = PBXNativeTarget;
			buildConfigurationList = FFAE7A742E4CEF2D009E852B /* Build configuration list for PBXNativeTarget "Task_7" */;
			buildPhases = (
				FFAE7A4F2E4CEF2A009E852B /* Sources */,
				FFAE7A502E4CEF2A009E852B /* Frameworks */,
				FFAE7A512E4CEF2A009E852B /* Resources */,
			);
			buildRules = (
			);
			dependencies = (
			);
			fileSystemSynchronizedGroups = (
				FFAE7A552E4CEF2A009E852B /* Task_7 */,
			);
			name = Task_7;
			packageProductDependencies = (
			);
			productName = Task_7;
			productReference = FFAE7A532E4CEF2A009E852B /* Task_7.app */;
			productType = "com.apple.product-type.application";
		};
		FFAE7A5F2E4CEF2D009E852B /* Task_7Tests */ = {
			isa = PBXNativeTarget;
			buildConfigurationList = FFAE7A772E4CEF2D009E852B /* Build configuration list for PBXNativeTarget "Task_7Tests" */;
			buildPhases = (
				FFAE7A5C2E4CEF2D009E852B /* Sources */,
				FFAE7A5D2E4CEF2D009E852B /* Frameworks */,
				FFAE7A5E2E4CEF2D009E852B /* Resources */,
			);
			buildRules = (
			);
			dependencies = (
				FFAE7A622E4CEF2D009E852B /* PBXTargetDependency */,
			);
			fileSystemSynchronizedGroups = (
				FFAE7A632E4CEF2D009E852B /* Task_7Tests */,
			);
			name = Task_7Tests;
			packageProductDependencies = (
			);
			productName = Task_7Tests;
			productReference = FFAE7A602E4CEF2D009E852B /* Task_7Tests.xctest */;
			productType = "com.apple.product-type.bundle.unit-test";
		};
		FFAE7A692E4CEF2D009E852B /* Task_7UITests */ = {
			isa = PBXNativeTarget;
			buildConfigurationList = FFAE7A7A2E4CEF2D009E852B /* Build configuration list for PBXNativeTarget "Task_7UITests" */;
			buildPhases = (
				FFAE7A662E4CEF2D009E852B /* Sources */,
				FFAE7A672E4CEF2D009E852B /* Frameworks */,
				FFAE7A682E4CEF2D009E852B /* Resources */,
			);
			buildRules = (
			);
			dependencies = (
				FFAE7A6C2E4CEF2D009E852B /* PBXTargetDependency */,
			);
			fileSystemSynchronizedGroups = (
				FFAE7A6D2E4CEF2D009E852B /* Task_7UITests */,
			);
			name = Task_7UITests;
			packageProductDependencies = (
			);
			productName = Task_7UITests;
			productReference = FFAE7A6A2E4CEF2D009E852B /* Task_7UITests.xctest */;
			productType = "com.apple.product-type.bundle.ui-testing";
		};
/* End PBXNativeTarget section */

/* Begin PBXProject section */
		FFAE7A4B2E4CEF2A009E852B /* Project object */ = {
			isa = PBXProject;
			attributes = {
				BuildIndependentTargetsInParallel = 1;
				LastSwiftUpdateCheck = 1640;
				LastUpgradeCheck = 1640;
				TargetAttributes = {
					FFAE7A522E4CEF2A009E852B = {
						CreatedOnToolsVersion = 16.4;
					};
					FFAE7A5F2E4CEF2D009E852B = {
						CreatedOnToolsVersion = 16.4;
						TestTargetID = FFAE7A522E4CEF2A009E852B;
					};
					FFAE7A692E4CEF2D009E852B = {
						CreatedOnToolsVersion = 16.4;
						TestTargetID = FFAE7A522E4CEF2A009E852B;
					};
				};
			};
			buildConfigurationList = FFAE7A4E2E4CEF2A009E852B /* Build configuration list for PBXProject "Task_7" */;
			developmentRegion = en;
			hasScannedForEncodings = 0;
			knownRegions = (
				en,
				Base,
			);
			mainGroup = FFAE7A4A2E4CEF2A009E852B;
			minimizedProjectReferenceProxies = 1;
			preferredProjectObjectVersion = 77;
			productRefGroup = FFAE7A542E4CEF2A009E852B /* Products */;
			projectDirPath = "";
			projectRoot = "";
			targets = (
				FFAE7A522E4CEF2A009E852B /* Task_7 */,
				FFAE7A5F2E4CEF2D009E852B /* Task_7Tests */,
				FFAE7A692E4CEF2D009E852B /* Task_7UITests */,
			);
		};
/* End PBXProject section */

/* Begin PBXResourcesBuildPhase section */
		FFAE7A512E4CEF2A009E852B /* Resources */ = {
			isa = PBXResourcesBuildPhase;
			buildActionMask = 2147483647;
			files = (
			);
			runOnlyForDeploymentPostprocessing = 0;
		};
		FFAE7A5E2E4CEF2D009E852B /* Resources */ = {
			isa = PBXResourcesBuildPhase;
			buildActionMask = 2147483647;
			files = (
			);
			runOnlyForDeploymentPostprocessing = 0;
		};
		FFAE7A682E4CEF2D009E852B /* Resources */ = {
			isa = PBXResourcesBuildPhase;
			buildActionMask = 2147483647;
			files = (
			);
			runOnlyForDeploymentPostprocessing = 0;
		};
/* End PBXResourcesBuildPhase section */

/* Begin PBXSourcesBuildPhase section */
		FFAE7A4F2E4CEF2A009E852B /* Sources */ = {
			isa = PBXSourcesBuildPhase;
			buildActionMask = 2147483647;
			files = (
			);
			runOnlyForDeploymentPostprocessing = 0;
		};
		FFAE7A5C2E4CEF2D009E852B /* Sources */ = {
			isa = PBXSourcesBuildPhase;
			buildActionMask = 2147483647;
			files = (
			);
			runOnlyForDeploymentPostprocessing = 0;
		};
		FFAE7A662E4CEF2D009E852B /* Sources */ = {
			isa = PBXSourcesBuildPhase;
			buildActionMask = 2147483647;
			files = (
			);
			runOnlyForDeploymentPostprocessing = 0;
		};
/* End PBXSourcesBuildPhase section */

/* Begin PBXTargetDependency section */
		FFAE7A622E4CEF2D009E852B /* PBXTargetDependency */ = {
			isa = PBXTargetDependency;
			target = FFAE7A522E4CEF2A009E852B /* Task_7 */;
			targetProxy = FFAE7A612E4CEF2D009E852B /* PBXContainerItemProxy */;
		};
		FFAE7A6C2E4CEF2D009E852B /* PBXTargetDependency */ = {
			isa = PBXTargetDependency;
			target = FFAE7A522E4CEF2A009E852B /* Task_7 */;
			targetProxy = FFAE7A6B2E4CEF2D009E852B /* PBXContainerItemProxy */;
		};
/* End PBXTargetDependency section */

/* Begin XCBuildConfiguration section */
		FFAE7A722E4CEF2D009E852B /* Debug */ = {
			isa = XCBuildConfiguration;
			buildSettings = {
				ALWAYS_SEARCH_USER_PATHS = NO;
				ASSETCATALOG_COMPILER_GENERATE_SWIFT_ASSET_SYMBOL_EXTENSIONS = YES;
				CLANG_ANALYZER_NONNULL = YES;
				CLANG_ANALYZER_NUMBER_OBJECT_CONVERSION = YES_AGGRESSIVE;
				CLANG_CXX_LANGUAGE_STANDARD = "gnu++20";
				CLANG_ENABLE_MODULES = YES;
				CLANG_ENABLE_OBJC_ARC = YES;
				CLANG_ENABLE_OBJC_WEAK = YES;
				CLANG_WARN_BLOCK_CAPTURE_AUTORELEASING = YES;
				CLANG_WARN_BOOL_CONVERSION = YES;
				CLANG_WARN_COMMA = YES;
				CLANG_WARN_CONSTANT_CONVERSION = YES;
				CLANG_WARN_DEPRECATED_OBJC_IMPLEMENTATIONS = YES;
				CLANG_WARN_DIRECT_OBJC_ISA_USAGE = YES_ERROR;
				CLANG_WARN_DOCUMENTATION_COMMENTS = YES;
				CLANG_WARN_EMPTY_BODY = YES;
				CLANG_WARN_ENUM_CONVERSION = YES;
				CLANG_WARN_INFINITE_RECURSION = YES;
				CLANG_WARN_INT_CONVERSION = YES;
				CLANG_WARN_NON_LITERAL_NULL_CONVERSION = YES;
				CLANG_WARN_OBJC_IMPLICIT_RETAIN_SELF = YES;
				CLANG_WARN_OBJC_LITERAL_CONVERSION = YES;
				CLANG_WARN_OBJC_ROOT_CLASS = YES_ERROR;
				CLANG_WARN_QUOTED_INCLUDE_IN_FRAMEWORK_HEADER = YES;
				CLANG_WARN_RANGE_LOOP_ANALYSIS = YES;
				CLANG_WARN_STRICT_PROTOTYPES = YES;
				CLANG_WARN_SUSPICIOUS_MOVE = YES;
				CLANG_WARN_UNGUARDED_AVAILABILITY = YES_AGGRESSIVE;
				CLANG_WARN_UNREACHABLE_CODE = YES;
				CLANG_WARN__DUPLICATE_METHOD_MATCH = YES;
				COPY_PHASE_STRIP = NO;
				DEBUG_INFORMATION_FORMAT = dwarf;
				ENABLE_STRICT_OBJC_MSGSEND = YES;
				ENABLE_TESTABILITY = YES;
				ENABLE_USER_SCRIPT_SANDBOXING = YES;
				GCC_C_LANGUAGE_STANDARD = gnu17;
				GCC_DYNAMIC_NO_PIC = NO;
				GCC_NO_COMMON_BLOCKS = YES;
				GCC_OPTIMIZATION_LEVEL = 0;
				GCC_PREPROCESSOR_DEFINITIONS = (
					"DEBUG=1",
					"$(inherited)",
				);
				GCC_WARN_64_TO_32_BIT_CONVERSION = YES;
				GCC_WARN_ABOUT_RETURN_TYPE = YES_ERROR;
				GCC_WARN_UNDECLARED_SELECTOR = YES;
				GCC_WARN_UNINITIALIZED_AUTOS = YES_AGGRESSIVE;
				GCC_WARN_UNUSED_FUNCTION = YES;
				GCC_WARN_UNUSED_VARIABLE = YES;
				IPHONEOS_DEPLOYMENT_TARGET = 18.5;
				LOCALIZATION_PREFERS_STRING_CATALOGS = YES;
				MTL_ENABLE_DEBUG_INFO = INCLUDE_SOURCE;
				MTL_FAST_MATH = YES;
				ONLY_ACTIVE_ARCH = YES;
				SDKROOT = iphoneos;
				SWIFT_ACTIVE_COMPILATION_CONDITIONS = "DEBUG $(inherited)";
				SWIFT_OPTIMIZATION_LEVEL = "-Onone";
			};
			name = Debug;
		};
		FFAE7A732E4CEF2D009E852B /* Release */ = {
			isa = XCBuildConfiguration;
			buildSettings = {
				ALWAYS_SEARCH_USER_PATHS = NO;
				ASSETCATALOG_COMPILER_GENERATE_SWIFT_ASSET_SYMBOL_EXTENSIONS = YES;
				CLANG_ANALYZER_NONNULL = YES;
				CLANG_ANALYZER_NUMBER_OBJECT_CONVERSION = YES_AGGRESSIVE;
				CLANG_CXX_LANGUAGE_STANDARD = "gnu++20";
				CLANG_ENABLE_MODULES = YES;
				CLANG_ENABLE_OBJC_ARC = YES;
				CLANG_ENABLE_OBJC_WEAK = YES;
				CLANG_WARN_BLOCK_CAPTURE_AUTORELEASING = YES;
				CLANG_WARN_BOOL_CONVERSION = YES;
				CLANG_WARN_COMMA = YES;
				CLANG_WARN_CONSTANT_CONVERSION = YES;
				CLANG_WARN_DEPRECATED_OBJC_IMPLEMENTATIONS = YES;
				CLANG_WARN_DIRECT_OBJC_ISA_USAGE = YES_ERROR;
				CLANG_WARN_DOCUMENTATION_COMMENTS = YES;
				CLANG_WARN_EMPTY_BODY = YES;
				CLANG_WARN_ENUM_CONVERSION = YES;
				CLANG_WARN_INFINITE_RECURSION = YES;
				CLANG_WARN_INT_CONVERSION = YES;
				CLANG_WARN_NON_LITERAL_NULL_CONVERSION = YES;
				CLANG_WARN_OBJC_IMPLICIT_RETAIN_SELF = YES;
				CLANG_WARN_OBJC_LITERAL_CONVERSION = YES;
				CLANG_WARN_OBJC_ROOT_CLASS = YES_ERROR;
				CLANG_WARN_QUOTED_INCLUDE_IN_FRAMEWORK_HEADER = YES;
				CLANG_WARN_RANGE_LOOP_ANALYSIS = YES;
				CLANG_WARN_STRICT_PROTOTYPES = YES;
				CLANG_WARN_SUSPICIOUS_MOVE = YES;
				CLANG_WARN_UNGUARDED_AVAILABILITY = YES_AGGRESSIVE;
				CLANG_WARN_UNREACHABLE_CODE = YES;
				CLANG_WARN__DUPLICATE_METHOD_MATCH = YES;
				COPY_PHASE_STRIP = NO;
				DEBUG_INFORMATION_FORMAT = "dwarf-with-dsym";
				ENABLE_NS_ASSERTIONS = NO;
				ENABLE_STRICT_OBJC_MSGSEND = YES;
				ENABLE_USER_SCRIPT_SANDBOXING = YES;
				GCC_C_LANGUAGE_STANDARD = gnu17;
				GCC_NO_COMMON_BLOCKS = YES;
				GCC_WARN_64_TO_32_BIT_CONVERSION = YES;
				GCC_WARN_ABOUT_RETURN_TYPE = YES_ERROR;
				GCC_WARN_UNDECLARED_SELECTOR = YES;
				GCC_WARN_UNINITIALIZED_AUTOS = YES_AGGRESSIVE;
				GCC_WARN_UNUSED_FUNCTION = YES;
				GCC_WARN_UNUSED_VARIABLE = YES;
				IPHONEOS_DEPLOYMENT_TARGET = 18.5;
				LOCALIZATION_PREFERS_STRING_CATALOGS = YES;
				MTL_ENABLE_DEBUG_INFO = NO;
				MTL_FAST_MATH = YES;
				SDKROOT = iphoneos;
				SWIFT_COMPILATION_MODE = wholemodule;
				VALIDATE_PRODUCT = YES;
			};
			name = Release;
		};
		FFAE7A752E4CEF2D009E852B /* Debug */ = {
			isa = XCBuildConfiguration;
			buildSettings = {
				ASSETCATALOG_COMPILER_APPICON_NAME = AppIcon;
				ASSETCATALOG_COMPILER_GLOBAL_ACCENT_COLOR_NAME = AccentColor;
				CODE_SIGN_STYLE = Automatic;
				CURRENT_PROJECT_VERSION = 1;
				ENABLE_PREVIEWS = YES;
				GENERATE_INFOPLIST_FILE = YES;
				INFOPLIST_KEY_UIApplicationSceneManifest_Generation = YES;
				INFOPLIST_KEY_UIApplicationSupportsIndirectInputEvents = YES;
				INFOPLIST_KEY_UILaunchScreen_Generation = YES;
				INFOPLIST_KEY_UISupportedInterfaceOrientations_iPad = "UIInterfaceOrientationPortrait UIInterfaceOrientationPortraitUpsideDown UIInterfaceOrientationLandscapeLeft UIInterfaceOrientationLandscapeRight";
				INFOPLIST_KEY_UISupportedInterfaceOrientations_iPhone = "UIInterfaceOrientationPortrait UIInterfaceOrientationLandscapeLeft UIInterfaceOrientationLandscapeRight";
				LD_RUNPATH_SEARCH_PATHS = (
					"$(inherited)",
					"@executable_path/Frameworks",
				);
				MARKETING_VERSION = 1.0;
				PRODUCT_BUNDLE_IDENTIFIER = "Seda-Kirakosyan.Task-7";
				PRODUCT_NAME = "$(TARGET_NAME)";
				SWIFT_EMIT_LOC_STRINGS = YES;
				SWIFT_VERSION = 5.0;
				TARGETED_DEVICE_FAMILY = "1,2";
			};
			name = Debug;
		};
		FFAE7A762E4CEF2D009E852B /* Release */ = {
			isa = XCBuildConfiguration;
			buildSettings = {
				ASSETCATALOG_COMPILER_APPICON_NAME = AppIcon;
				ASSETCATALOG_COMPILER_GLOBAL_ACCENT_COLOR_NAME = AccentColor;
				CODE_SIGN_STYLE = Automatic;
				CURRENT_PROJECT_VERSION = 1;
				ENABLE_PREVIEWS = YES;
				GENERATE_INFOPLIST_FILE = YES;
				INFOPLIST_KEY_UIApplicationSceneManifest_Generation = YES;
				INFOPLIST_KEY_UIApplicationSupportsIndirectInputEvents = YES;
				INFOPLIST_KEY_UILaunchScreen_Generation = YES;
				INFOPLIST_KEY_UISupportedInterfaceOrientations_iPad = "UIInterfaceOrientationPortrait UIInterfaceOrientationPortraitUpsideDown UIInterfaceOrientationLandscapeLeft UIInterfaceOrientationLandscapeRight";
				INFOPLIST_KEY_UISupportedInterfaceOrientations_iPhone = "UIInterfaceOrientationPortrait UIInterfaceOrientationLandscapeLeft UIInterfaceOrientationLandscapeRight";
				LD_RUNPATH_SEARCH_PATHS = (
					"$(inherited)",
					"@executable_path/Frameworks",
				);
				MARKETING_VERSION = 1.0;
				PRODUCT_BUNDLE_IDENTIFIER = "Seda-Kirakosyan.Task-7";
				PRODUCT_NAME = "$(TARGET_NAME)";
				SWIFT_EMIT_LOC_STRINGS = YES;
				SWIFT_VERSION = 5.0;
				TARGETED_DEVICE_FAMILY = "1,2";
			};
			name = Release;
		};
		FFAE7A782E4CEF2D009E852B /* Debug */ = {
			isa = XCBuildConfiguration;
			buildSettings = {
				BUNDLE_LOADER = "$(TEST_HOST)";
				CODE_SIGN_STYLE = Automatic;
				CURRENT_PROJECT_VERSION = 1;
				GENERATE_INFOPLIST_FILE = YES;
				IPHONEOS_DEPLOYMENT_TARGET = 18.5;
				MARKETING_VERSION = 1.0;
				PRODUCT_BUNDLE_IDENTIFIER = "Seda-Kirakosyan.Task-7Tests";
				PRODUCT_NAME = "$(TARGET_NAME)";
				SWIFT_EMIT_LOC_STRINGS = NO;
				SWIFT_VERSION = 5.0;
				TARGETED_DEVICE_FAMILY = "1,2";
				TEST_HOST = "$(BUILT_PRODUCTS_DIR)/Task_7.app/$(BUNDLE_EXECUTABLE_FOLDER_PATH)/Task_7";
			};
			name = Debug;
		};
		FFAE7A792E4CEF2D009E852B /* Release */ = {
			isa = XCBuildConfiguration;
			buildSettings = {
				BUNDLE_LOADER = "$(TEST_HOST)";
				CODE_SIGN_STYLE = Automatic;
				CURRENT_PROJECT_VERSION = 1;
				GENERATE_INFOPLIST_FILE = YES;
				IPHONEOS_DEPLOYMENT_TARGET = 18.5;
				MARKETING_VERSION = 1.0;
				PRODUCT_BUNDLE_IDENTIFIER = "Seda-Kirakosyan.Task-7Tests";
				PRODUCT_NAME = "$(TARGET_NAME)";
				SWIFT_EMIT_LOC_STRINGS = NO;
				SWIFT_VERSION = 5.0;
				TARGETED_DEVICE_FAMILY = "1,2";
				TEST_HOST = "$(BUILT_PRODUCTS_DIR)/Task_7.app/$(BUNDLE_EXECUTABLE_FOLDER_PATH)/Task_7";
			};
			name = Release;
		};
		FFAE7A7B2E4CEF2D009E852B /* Debug */ = {
			isa = XCBuildConfiguration;
			buildSettings = {
				CODE_SIGN_STYLE = Automatic;
				CURRENT_PROJECT_VERSION = 1;
				GENERATE_INFOPLIST_FILE = YES;
				MARKETING_VERSION = 1.0;
				PRODUCT_BUNDLE_IDENTIFIER = "Seda-Kirakosyan.Task-7UITests";
				PRODUCT_NAME = "$(TARGET_NAME)";
				SWIFT_EMIT_LOC_STRINGS = NO;
				SWIFT_VERSION = 5.0;
				TARGETED_DEVICE_FAMILY = "1,2";
				TEST_TARGET_NAME = Task_7;
			};
			name = Debug;
		};
		FFAE7A7C2E4CEF2D009E852B /* Release */ = {
			isa = XCBuildConfiguration;
			buildSettings = {
				CODE_SIGN_STYLE = Automatic;
				CURRENT_PROJECT_VERSION = 1;
				GENERATE_INFOPLIST_FILE = YES;
				MARKETING_VERSION = 1.0;
				PRODUCT_BUNDLE_IDENTIFIER = "Seda-Kirakosyan.Task-7UITests";
				PRODUCT_NAME = "$(TARGET_NAME)";
				SWIFT_EMIT_LOC_STRINGS = NO;
				SWIFT_VERSION = 5.0;
				TARGETED_DEVICE_FAMILY = "1,2";
				TEST_TARGET_NAME = Task_7;
			};
			name = Release;
		};
/* End XCBuildConfiguration section */

/* Begin XCConfigurationList section */
		FFAE7A4E2E4CEF2A009E852B /* Build configuration list for PBXProject "Task_7" */ = {
			isa = XCConfigurationList;
			buildConfigurations = (
				FFAE7A722E4CEF2D009E852B /* Debug */,
				FFAE7A732E4CEF2D009E852B /* Release */,
			);
			defaultConfigurationIsVisible = 0;
			defaultConfigurationName = Release;
		};
		FFAE7A742E4CEF2D009E852B /* Build configuration list for PBXNativeTarget "Task_7" */ = {
			isa = XCConfigurationList;
			buildConfigurations = (
				FFAE7A752E4CEF2D009E852B /* Debug */,
				FFAE7A762E4CEF2D009E852B /* Release */,
			);
			defaultConfigurationIsVisible = 0;
			defaultConfigurationName = Release;
		};
		FFAE7A772E4CEF2D009E852B /* Build configuration list for PBXNativeTarget "Task_7Tests" */ = {
			isa = XCConfigurationList;
			buildConfigurations = (
				FFAE7A782E4CEF2D009E852B /* Debug */,
				FFAE7A792E4CEF2D009E852B /* Release */,
			);
			defaultConfigurationIsVisible = 0;
			defaultConfigurationName = Release;
		};
		FFAE7A7A2E4CEF2D009E852B /* Build configuration list for PBXNativeTarget "Task_7UITests" */ = {
			isa = XCConfigurationList;
			buildConfigurations = (
				FFAE7A7B2E4CEF2D009E852B /* Debug */,
				FFAE7A7C2E4CEF2D009E852B /* Release */,
			);
			defaultConfigurationIsVisible = 0;
			defaultConfigurationName = Release;
		};
/* End XCConfigurationList section */
	};
	rootObject = FFAE7A4B2E4CEF2A009E852B /* Project object */;
}
