// !$*UTF8*$!
{
	archiveVersion = 1;
	classes = {
	};
	objectVersion = 77;
	objects = {

/* Begin PBXContainerItemProxy section */
		FF5A41492E59DE2E00BC2FBB /* PBXContainerItemProxy */ = {
			isa = PBXContainerItemProxy;
			containerPortal = FF5A412A2E59DE2C00BC2FBB /* Project object */;
			proxyType = 1;
			remoteGlobalIDString = FF5A41312E59DE2C00BC2FBB;
			remoteInfo = Task_3;
		};
		FF5A41532E59DE2E00BC2FBB /* PBXContainerItemProxy */ = {
			isa = PBXContainerItemProxy;
			containerPortal = FF5A412A2E59DE2C00BC2FBB /* Project object */;
			proxyType = 1;
			remoteGlobalIDString = FF5A41312E59DE2C00BC2FBB;
			remoteInfo = Task_3;
		};
/* End PBXContainerItemProxy section */

/* Begin PBXFileReference section */
		FF5A41322E59DE2C00BC2FBB /* Task_3.app */ = {isa = PBXFileReference; explicitFileType = wrapper.application; includeInIndex = 0; path = Task_3.app; sourceTree = BUILT_PRODUCTS_DIR; };
		FF5A41482E59DE2E00BC2FBB /* Task_3Tests.xctest */ = {isa = PBXFileReference; explicitFileType = wrapper.cfbundle; includeInIndex = 0; path = Task_3Tests.xctest; sourceTree = BUILT_PRODUCTS_DIR; };
		FF5A41522E59DE2E00BC2FBB /* Task_3UITests.xctest */ = {isa = PBXFileReference; explicitFileType = wrapper.cfbundle; includeInIndex = 0; path = Task_3UITests.xctest; sourceTree = BUILT_PRODUCTS_DIR; };
/* End PBXFileReference section */

/* Begin PBXFileSystemSynchronizedBuildFileExceptionSet section */
		FF5A415A2E59DE2E00BC2FBB /* Exceptions for "Task_3" folder in "Task_3" target */ = {
			isa = PBXFileSystemSynchronizedBuildFileExceptionSet;
			membershipExceptions = (
				Info.plist,
			);
			target = FF5A41312E59DE2C00BC2FBB /* Task_3 */;
		};
/* End PBXFileSystemSynchronizedBuildFileExceptionSet section */

/* Begin PBXFileSystemSynchronizedRootGroup section */
		FF5A41342E59DE2C00BC2FBB /* Task_3 */ = {
			isa = PBXFileSystemSynchronizedRootGroup;
			exceptions = (
				FF5A415A2E59DE2E00BC2FBB /* Exceptions for "Task_3" folder in "Task_3" target */,
			);
			path = Task_3;
			sourceTree = "<group>";
		};
		FF5A414B2E59DE2E00BC2FBB /* Task_3Tests */ = {
			isa = PBXFileSystemSynchronizedRootGroup;
			path = Task_3Tests;
			sourceTree = "<group>";
		};
		FF5A41552E59DE2E00BC2FBB /* Task_3UITests */ = {
			isa = PBXFileSystemSynchronizedRootGroup;
			path = Task_3UITests;
			sourceTree = "<group>";
		};
/* End PBXFileSystemSynchronizedRootGroup section */

/* Begin PBXFrameworksBuildPhase section */
		FF5A412F2E59DE2C00BC2FBB /* Frameworks */ = {
			isa = PBXFrameworksBuildPhase;
			buildActionMask = 2147483647;
			files = (
			);
			runOnlyForDeploymentPostprocessing = 0;
		};
		FF5A41452E59DE2E00BC2FBB /* Frameworks */ = {
			isa = PBXFrameworksBuildPhase;
			buildActionMask = 2147483647;
			files = (
			);
			runOnlyForDeploymentPostprocessing = 0;
		};
		FF5A414F2E59DE2E00BC2FBB /* Frameworks */ = {
			isa = PBXFrameworksBuildPhase;
			buildActionMask = 2147483647;
			files = (
			);
			runOnlyForDeploymentPostprocessing = 0;
		};
/* End PBXFrameworksBuildPhase section */

/* Begin PBXGroup section */
		FF5A41292E59DE2C00BC2FBB = {
			isa = PBXGroup;
			children = (
				FF5A41342E59DE2C00BC2FBB /* Task_3 */,
				FF5A414B2E59DE2E00BC2FBB /* Task_3Tests */,
				FF5A41552E59DE2E00BC2FBB /* Task_3UITests */,
				FF5A41332E59DE2C00BC2FBB /* Products */,
			);
			sourceTree = "<group>";
		};
		FF5A41332E59DE2C00BC2FBB /* Products */ = {
			isa = PBXGroup;
			children = (
				FF5A41322E59DE2C00BC2FBB /* Task_3.app */,
				FF5A41482E59DE2E00BC2FBB /* Task_3Tests.xctest */,
				FF5A41522E59DE2E00BC2FBB /* Task_3UITests.xctest */,
			);
			name = Products;
			sourceTree = "<group>";
		};
/* End PBXGroup section */

/* Begin PBXNativeTarget section */
		FF5A41312E59DE2C00BC2FBB /* Task_3 */ = {
			isa = PBXNativeTarget;
			buildConfigurationList = FF5A415B2E59DE2E00BC2FBB /* Build configuration list for PBXNativeTarget "Task_3" */;
			buildPhases = (
				FF5A412E2E59DE2C00BC2FBB /* Sources */,
				FF5A412F2E59DE2C00BC2FBB /* Frameworks */,
				FF5A41302E59DE2C00BC2FBB /* Resources */,
			);
			buildRules = (
			);
			dependencies = (
			);
			fileSystemSynchronizedGroups = (
				FF5A41342E59DE2C00BC2FBB /* Task_3 */,
			);
			name = Task_3;
			packageProductDependencies = (
			);
			productName = Task_3;
			productReference = FF5A41322E59DE2C00BC2FBB /* Task_3.app */;
			productType = "com.apple.product-type.application";
		};
		FF5A41472E59DE2E00BC2FBB /* Task_3Tests */ = {
			isa = PBXNativeTarget;
			buildConfigurationList = FF5A41602E59DE2E00BC2FBB /* Build configuration list for PBXNativeTarget "Task_3Tests" */;
			buildPhases = (
				FF5A41442E59DE2E00BC2FBB /* Sources */,
				FF5A41452E59DE2E00BC2FBB /* Frameworks */,
				FF5A41462E59DE2E00BC2FBB /* Resources */,
			);
			buildRules = (
			);
			dependencies = (
				FF5A414A2E59DE2E00BC2FBB /* PBXTargetDependency */,
			);
			fileSystemSynchronizedGroups = (
				FF5A414B2E59DE2E00BC2FBB /* Task_3Tests */,
			);
			name = Task_3Tests;
			packageProductDependencies = (
			);
			productName = Task_3Tests;
			productReference = FF5A41482E59DE2E00BC2FBB /* Task_3Tests.xctest */;
			productType = "com.apple.product-type.bundle.unit-test";
		};
		FF5A41512E59DE2E00BC2FBB /* Task_3UITests */ = {
			isa = PBXNativeTarget;
			buildConfigurationList = FF5A41632E59DE2E00BC2FBB /* Build configuration list for PBXNativeTarget "Task_3UITests" */;
			buildPhases = (
				FF5A414E2E59DE2E00BC2FBB /* Sources */,
				FF5A414F2E59DE2E00BC2FBB /* Frameworks */,
				FF5A41502E59DE2E00BC2FBB /* Resources */,
			);
			buildRules = (
			);
			dependencies = (
				FF5A41542E59DE2E00BC2FBB /* PBXTargetDependency */,
			);
			fileSystemSynchronizedGroups = (
				FF5A41552E59DE2E00BC2FBB /* Task_3UITests */,
			);
			name = Task_3UITests;
			packageProductDependencies = (
			);
			productName = Task_3UITests;
			productReference = FF5A41522E59DE2E00BC2FBB /* Task_3UITests.xctest */;
			productType = "com.apple.product-type.bundle.ui-testing";
		};
/* End PBXNativeTarget section */

/* Begin PBXProject section */
		FF5A412A2E59DE2C00BC2FBB /* Project object */ = {
			isa = PBXProject;
			attributes = {
				BuildIndependentTargetsInParallel = 1;
				LastSwiftUpdateCheck = 1640;
				LastUpgradeCheck = 1640;
				TargetAttributes = {
					FF5A41312E59DE2C00BC2FBB = {
						CreatedOnToolsVersion = 16.4;
					};
					FF5A41472E59DE2E00BC2FBB = {
						CreatedOnToolsVersion = 16.4;
						TestTargetID = FF5A41312E59DE2C00BC2FBB;
					};
					FF5A41512E59DE2E00BC2FBB = {
						CreatedOnToolsVersion = 16.4;
						TestTargetID = FF5A41312E59DE2C00BC2FBB;
					};
				};
			};
			buildConfigurationList = FF5A412D2E59DE2C00BC2FBB /* Build configuration list for PBXProject "Task_3" */;
			developmentRegion = en;
			hasScannedForEncodings = 0;
			knownRegions = (
				en,
				Base,
			);
			mainGroup = FF5A41292E59DE2C00BC2FBB;
			minimizedProjectReferenceProxies = 1;
			preferredProjectObjectVersion = 77;
			productRefGroup = FF5A41332E59DE2C00BC2FBB /* Products */;
			projectDirPath = "";
			projectRoot = "";
			targets = (
				FF5A41312E59DE2C00BC2FBB /* Task_3 */,
				FF5A41472E59DE2E00BC2FBB /* Task_3Tests */,
				FF5A41512E59DE2E00BC2FBB /* Task_3UITests */,
			);
		};
/* End PBXProject section */

/* Begin PBXResourcesBuildPhase section */
		FF5A41302E59DE2C00BC2FBB /* Resources */ = {
			isa = PBXResourcesBuildPhase;
			buildActionMask = 2147483647;
			files = (
			);
			runOnlyForDeploymentPostprocessing = 0;
		};
		FF5A41462E59DE2E00BC2FBB /* Resources */ = {
			isa = PBXResourcesBuildPhase;
			buildActionMask = 2147483647;
			files = (
			);
			runOnlyForDeploymentPostprocessing = 0;
		};
		FF5A41502E59DE2E00BC2FBB /* Resources */ = {
			isa = PBXResourcesBuildPhase;
			buildActionMask = 2147483647;
			files = (
			);
			runOnlyForDeploymentPostprocessing = 0;
		};
/* End PBXResourcesBuildPhase section */

/* Begin PBXSourcesBuildPhase section */
		FF5A412E2E59DE2C00BC2FBB /* Sources */ = {
			isa = PBXSourcesBuildPhase;
			buildActionMask = 2147483647;
			files = (
			);
			runOnlyForDeploymentPostprocessing = 0;
		};
		FF5A41442E59DE2E00BC2FBB /* Sources */ = {
			isa = PBXSourcesBuildPhase;
			buildActionMask = 2147483647;
			files = (
			);
			runOnlyForDeploymentPostprocessing = 0;
		};
		FF5A414E2E59DE2E00BC2FBB /* Sources */ = {
			isa = PBXSourcesBuildPhase;
			buildActionMask = 2147483647;
			files = (
			);
			runOnlyForDeploymentPostprocessing = 0;
		};
/* End PBXSourcesBuildPhase section */

/* Begin PBXTargetDependency section */
		FF5A414A2E59DE2E00BC2FBB /* PBXTargetDependency */ = {
			isa = PBXTargetDependency;
			target = FF5A41312E59DE2C00BC2FBB /* Task_3 */;
			targetProxy = FF5A41492E59DE2E00BC2FBB /* PBXContainerItemProxy */;
		};
		FF5A41542E59DE2E00BC2FBB /* PBXTargetDependency */ = {
			isa = PBXTargetDependency;
			target = FF5A41312E59DE2C00BC2FBB /* Task_3 */;
			targetProxy = FF5A41532E59DE2E00BC2FBB /* PBXContainerItemProxy */;
		};
/* End PBXTargetDependency section */

/* Begin XCBuildConfiguration section */
		FF5A415C2E59DE2E00BC2FBB /* Debug */ = {
			isa = XCBuildConfiguration;
			buildSettings = {
				ASSETCATALOG_COMPILER_APPICON_NAME = AppIcon;
				ASSETCATALOG_COMPILER_GLOBAL_ACCENT_COLOR_NAME = AccentColor;
				CODE_SIGN_STYLE = Automatic;
				CURRENT_PROJECT_VERSION = 1;
				GENERATE_INFOPLIST_FILE = YES;
				INFOPLIST_FILE = Task_3/Info.plist;
				INFOPLIST_KEY_UIApplicationSupportsIndirectInputEvents = YES;
				INFOPLIST_KEY_UILaunchStoryboardName = LaunchScreen;
				INFOPLIST_KEY_UIMainStoryboardFile = Main;
				INFOPLIST_KEY_UISupportedInterfaceOrientations_iPad = "UIInterfaceOrientationPortrait UIInterfaceOrientationPortraitUpsideDown UIInterfaceOrientationLandscapeLeft UIInterfaceOrientationLandscapeRight";
				INFOPLIST_KEY_UISupportedInterfaceOrientations_iPhone = "UIInterfaceOrientationPortrait UIInterfaceOrientationLandscapeLeft UIInterfaceOrientationLandscapeRight";
				LD_RUNPATH_SEARCH_PATHS = (
					"$(inherited)",
					"@executable_path/Frameworks",
				);
				MARKETING_VERSION = 1.0;
				PRODUCT_BUNDLE_IDENTIFIER = "Seda-Kirakosyan.Task-3";
				PRODUCT_NAME = "$(TARGET_NAME)";
				SWIFT_EMIT_LOC_STRINGS = YES;
				SWIFT_VERSION = 5.0;
				TARGETED_DEVICE_FAMILY = "1,2";
			};
			name = Debug;
		};
		FF5A415D2E59DE2E00BC2FBB /* Release */ = {
			isa = XCBuildConfiguration;
			buildSettings = {
				ASSETCATALOG_COMPILER_APPICON_NAME = AppIcon;
				ASSETCATALOG_COMPILER_GLOBAL_ACCENT_COLOR_NAME = AccentColor;
				CODE_SIGN_STYLE = Automatic;
				CURRENT_PROJECT_VERSION = 1;
				GENERATE_INFOPLIST_FILE = YES;
				INFOPLIST_FILE = Task_3/Info.plist;
				INFOPLIST_KEY_UIApplicationSupportsIndirectInputEvents = YES;
				INFOPLIST_KEY_UILaunchStoryboardName = LaunchScreen;
				INFOPLIST_KEY_UIMainStoryboardFile = Main;
				INFOPLIST_KEY_UISupportedInterfaceOrientations_iPad = "UIInterfaceOrientationPortrait UIInterfaceOrientationPortraitUpsideDown UIInterfaceOrientationLandscapeLeft UIInterfaceOrientationLandscapeRight";
				INFOPLIST_KEY_UISupportedInterfaceOrientations_iPhone = "UIInterfaceOrientationPortrait UIInterfaceOrientationLandscapeLeft UIInterfaceOrientationLandscapeRight";
				LD_RUNPATH_SEARCH_PATHS = (
					"$(inherited)",
					"@executable_path/Frameworks",
				);
				MARKETING_VERSION = 1.0;
				PRODUCT_BUNDLE_IDENTIFIER = "Seda-Kirakosyan.Task-3";
				PRODUCT_NAME = "$(TARGET_NAME)";
				SWIFT_EMIT_LOC_STRINGS = YES;
				SWIFT_VERSION = 5.0;
				TARGETED_DEVICE_FAMILY = "1,2";
			};
			name = Release;
		};
		FF5A415E2E59DE2E00BC2FBB /* Debug */ = {
			isa = XCBuildConfiguration;
			buildSettings = {
				ALWAYS_SEARCH_USER_PATHS = NO;
				ASSETCATALOG_COMPILER_GENERATE_SWIFT_ASSET_SYMBOL_EXTENSIONS = YES;
				CLANG_ANALYZER_NONNULL = YES;
				CLANG_ANALYZER_NUMBER_OBJECT_CONVERSION = YES_AGGRESSIVE;
				CLANG_CXX_LANGUAGE_STANDARD = "gnu++20";
				CLANG_ENABLE_MODULES = YES;
				CLANG_ENABLE_OBJC_ARC = YES;
				CLANG_ENABLE_OBJC_WEAK = YES;
				CLANG_WARN_BLOCK_CAPTURE_AUTORELEASING = YES;
				CLANG_WARN_BOOL_CONVERSION = YES;
				CLANG_WARN_COMMA = YES;
				CLANG_WARN_CONSTANT_CONVERSION = YES;
				CLANG_WARN_DEPRECATED_OBJC_IMPLEMENTATIONS = YES;
				CLANG_WARN_DIRECT_OBJC_ISA_USAGE = YES_ERROR;
				CLANG_WARN_DOCUMENTATION_COMMENTS = YES;
				CLANG_WARN_EMPTY_BODY = YES;
				CLANG_WARN_ENUM_CONVERSION = YES;
				CLANG_WARN_INFINITE_RECURSION = YES;
				CLANG_WARN_INT_CONVERSION = YES;
				CLANG_WARN_NON_LITERAL_NULL_CONVERSION = YES;
				CLANG_WARN_OBJC_IMPLICIT_RETAIN_SELF = YES;
				CLANG_WARN_OBJC_LITERAL_CONVERSION = YES;
				CLANG_WARN_OBJC_ROOT_CLASS = YES_ERROR;
				CLANG_WARN_QUOTED_INCLUDE_IN_FRAMEWORK_HEADER = YES;
				CLANG_WARN_RANGE_LOOP_ANALYSIS = YES;
				CLANG_WARN_STRICT_PROTOTYPES = YES;
				CLANG_WARN_SUSPICIOUS_MOVE = YES;
				CLANG_WARN_UNGUARDED_AVAILABILITY = YES_AGGRESSIVE;
				CLANG_WARN_UNREACHABLE_CODE = YES;
				CLANG_WARN__DUPLICATE_METHOD_MATCH = YES;
				COPY_PHASE_STRIP = NO;
				DEBUG_INFORMATION_FORMAT = dwarf;
				ENABLE_STRICT_OBJC_MSGSEND = YES;
				ENABLE_TESTABILITY = YES;
				ENABLE_USER_SCRIPT_SANDBOXING = YES;
				GCC_C_LANGUAGE_STANDARD = gnu17;
				GCC_DYNAMIC_NO_PIC = NO;
				GCC_NO_COMMON_BLOCKS = YES;
				GCC_OPTIMIZATION_LEVEL = 0;
				GCC_PREPROCESSOR_DEFINITIONS = (
					"DEBUG=1",
					"$(inherited)",
				);
				GCC_WARN_64_TO_32_BIT_CONVERSION = YES;
				GCC_WARN_ABOUT_RETURN_TYPE = YES_ERROR;
				GCC_WARN_UNDECLARED_SELECTOR = YES;
				GCC_WARN_UNINITIALIZED_AUTOS = YES_AGGRESSIVE;
				GCC_WARN_UNUSED_FUNCTION = YES;
				GCC_WARN_UNUSED_VARIABLE = YES;
				IPHONEOS_DEPLOYMENT_TARGET = 18.5;
				LOCALIZATION_PREFERS_STRING_CATALOGS = YES;
				MTL_ENABLE_DEBUG_INFO = INCLUDE_SOURCE;
				MTL_FAST_MATH = YES;
				ONLY_ACTIVE_ARCH = YES;
				SDKROOT = iphoneos;
				SWIFT_ACTIVE_COMPILATION_CONDITIONS = "DEBUG $(inherited)";
				SWIFT_OPTIMIZATION_LEVEL = "-Onone";
			};
			name = Debug;
		};
		FF5A415F2E59DE2E00BC2FBB /* Release */ = {
			isa = XCBuildConfiguration;
			buildSettings = {
				ALWAYS_SEARCH_USER_PATHS = NO;
				ASSETCATALOG_COMPILER_GENERATE_SWIFT_ASSET_SYMBOL_EXTENSIONS = YES;
				CLANG_ANALYZER_NONNULL = YES;
				CLANG_ANALYZER_NUMBER_OBJECT_CONVERSION = YES_AGGRESSIVE;
				CLANG_CXX_LANGUAGE_STANDARD = "gnu++20";
				CLANG_ENABLE_MODULES = YES;
				CLANG_ENABLE_OBJC_ARC = YES;
				CLANG_ENABLE_OBJC_WEAK = YES;
				CLANG_WARN_BLOCK_CAPTURE_AUTORELEASING = YES;
				CLANG_WARN_BOOL_CONVERSION = YES;
				CLANG_WARN_COMMA = YES;
				CLANG_WARN_CONSTANT_CONVERSION = YES;
				CLANG_WARN_DEPRECATED_OBJC_IMPLEMENTATIONS = YES;
				CLANG_WARN_DIRECT_OBJC_ISA_USAGE = YES_ERROR;
				CLANG_WARN_DOCUMENTATION_COMMENTS = YES;
				CLANG_WARN_EMPTY_BODY = YES;
				CLANG_WARN_ENUM_CONVERSION = YES;
				CLANG_WARN_INFINITE_RECURSION = YES;
				CLANG_WARN_INT_CONVERSION = YES;
				CLANG_WARN_NON_LITERAL_NULL_CONVERSION = YES;
				CLANG_WARN_OBJC_IMPLICIT_RETAIN_SELF = YES;
				CLANG_WARN_OBJC_LITERAL_CONVERSION = YES;
				CLANG_WARN_OBJC_ROOT_CLASS = YES_ERROR;
				CLANG_WARN_QUOTED_INCLUDE_IN_FRAMEWORK_HEADER = YES;
				CLANG_WARN_RANGE_LOOP_ANALYSIS = YES;
				CLANG_WARN_STRICT_PROTOTYPES = YES;
				CLANG_WARN_SUSPICIOUS_MOVE = YES;
				CLANG_WARN_UNGUARDED_AVAILABILITY = YES_AGGRESSIVE;
				CLANG_WARN_UNREACHABLE_CODE = YES;
				CLANG_WARN__DUPLICATE_METHOD_MATCH = YES;
				COPY_PHASE_STRIP = NO;
				DEBUG_INFORMATION_FORMAT = "dwarf-with-dsym";
				ENABLE_NS_ASSERTIONS = NO;
				ENABLE_STRICT_OBJC_MSGSEND = YES;
				ENABLE_USER_SCRIPT_SANDBOXING = YES;
				GCC_C_LANGUAGE_STANDARD = gnu17;
				GCC_NO_COMMON_BLOCKS = YES;
				GCC_WARN_64_TO_32_BIT_CONVERSION = YES;
				GCC_WARN_ABOUT_RETURN_TYPE = YES_ERROR;
				GCC_WARN_UNDECLARED_SELECTOR = YES;
				GCC_WARN_UNINITIALIZED_AUTOS = YES_AGGRESSIVE;
				GCC_WARN_UNUSED_FUNCTION = YES;
				GCC_WARN_UNUSED_VARIABLE = YES;
				IPHONEOS_DEPLOYMENT_TARGET = 18.5;
				LOCALIZATION_PREFERS_STRING_CATALOGS = YES;
				MTL_ENABLE_DEBUG_INFO = NO;
				MTL_FAST_MATH = YES;
				SDKROOT = iphoneos;
				SWIFT_COMPILATION_MODE = wholemodule;
				VALIDATE_PRODUCT = YES;
			};
			name = Release;
		};
		FF5A41612E59DE2E00BC2FBB /* Debug */ = {
			isa = XCBuildConfiguration;
			buildSettings = {
				BUNDLE_LOADER = "$(TEST_HOST)";
				CODE_SIGN_STYLE = Automatic;
				CURRENT_PROJECT_VERSION = 1;
				GENERATE_INFOPLIST_FILE = YES;
				IPHONEOS_DEPLOYMENT_TARGET = 18.5;
				MARKETING_VERSION = 1.0;
				PRODUCT_BUNDLE_IDENTIFIER = "Seda-Kirakosyan.Task-3Tests";
				PRODUCT_NAME = "$(TARGET_NAME)";
				SWIFT_EMIT_LOC_STRINGS = NO;
				SWIFT_VERSION = 5.0;
				TARGETED_DEVICE_FAMILY = "1,2";
				TEST_HOST = "$(BUILT_PRODUCTS_DIR)/Task_3.app/$(BUNDLE_EXECUTABLE_FOLDER_PATH)/Task_3";
			};
			name = Debug;
		};
		FF5A41622E59DE2E00BC2FBB /* Release */ = {
			isa = XCBuildConfiguration;
			buildSettings = {
				BUNDLE_LOADER = "$(TEST_HOST)";
				CODE_SIGN_STYLE = Automatic;
				CURRENT_PROJECT_VERSION = 1;
				GENERATE_INFOPLIST_FILE = YES;
				IPHONEOS_DEPLOYMENT_TARGET = 18.5;
				MARKETING_VERSION = 1.0;
				PRODUCT_BUNDLE_IDENTIFIER = "Seda-Kirakosyan.Task-3Tests";
				PRODUCT_NAME = "$(TARGET_NAME)";
				SWIFT_EMIT_LOC_STRINGS = NO;
				SWIFT_VERSION = 5.0;
				TARGETED_DEVICE_FAMILY = "1,2";
				TEST_HOST = "$(BUILT_PRODUCTS_DIR)/Task_3.app/$(BUNDLE_EXECUTABLE_FOLDER_PATH)/Task_3";
			};
			name = Release;
		};
		FF5A41642E59DE2E00BC2FBB /* Debug */ = {
			isa = XCBuildConfiguration;
			buildSettings = {
				CODE_SIGN_STYLE = Automatic;
				CURRENT_PROJECT_VERSION = 1;
				GENERATE_INFOPLIST_FILE = YES;
				MARKETING_VERSION = 1.0;
				PRODUCT_BUNDLE_IDENTIFIER = "Seda-Kirakosyan.Task-3UITests";
				PRODUCT_NAME = "$(TARGET_NAME)";
				SWIFT_EMIT_LOC_STRINGS = NO;
				SWIFT_VERSION = 5.0;
				TARGETED_DEVICE_FAMILY = "1,2";
				TEST_TARGET_NAME = Task_3;
			};
			name = Debug;
		};
		FF5A41652E59DE2E00BC2FBB /* Release */ = {
			isa = XCBuildConfiguration;
			buildSettings = {
				CODE_SIGN_STYLE = Automatic;
				CURRENT_PROJECT_VERSION = 1;
				GENERATE_INFOPLIST_FILE = YES;
				MARKETING_VERSION = 1.0;
				PRODUCT_BUNDLE_IDENTIFIER = "Seda-Kirakosyan.Task-3UITests";
				PRODUCT_NAME = "$(TARGET_NAME)";
				SWIFT_EMIT_LOC_STRINGS = NO;
				SWIFT_VERSION = 5.0;
				TARGETED_DEVICE_FAMILY = "1,2";
				TEST_TARGET_NAME = Task_3;
			};
			name = Release;
		};
/* End XCBuildConfiguration section */

/* Begin XCConfigurationList section */
		FF5A412D2E59DE2C00BC2FBB /* Build configuration list for PBXProject "Task_3" */ = {
			isa = XCConfigurationList;
			buildConfigurations = (
				FF5A415E2E59DE2E00BC2FBB /* Debug */,
				FF5A415F2E59DE2E00BC2FBB /* Release */,
			);
			defaultConfigurationIsVisible = 0;
			defaultConfigurationName = Release;
		};
		FF5A415B2E59DE2E00BC2FBB /* Build configuration list for PBXNativeTarget "Task_3" */ = {
			isa = XCConfigurationList;
			buildConfigurations = (
				FF5A415C2E59DE2E00BC2FBB /* Debug */,
				FF5A415D2E59DE2E00BC2FBB /* Release */,
			);
			defaultConfigurationIsVisible = 0;
			defaultConfigurationName = Release;
		};
		FF5A41602E59DE2E00BC2FBB /* Build configuration list for PBXNativeTarget "Task_3Tests" */ = {
			isa = XCConfigurationList;
			buildConfigurations = (
				FF5A41612E59DE2E00BC2FBB /* Debug */,
				FF5A41622E59DE2E00BC2FBB /* Release */,
			);
			defaultConfigurationIsVisible = 0;
			defaultConfigurationName = Release;
		};
		FF5A41632E59DE2E00BC2FBB /* Build configuration list for PBXNativeTarget "Task_3UITests" */ = {
			isa = XCConfigurationList;
			buildConfigurations = (
				FF5A41642E59DE2E00BC2FBB /* Debug */,
				FF5A41652E59DE2E00BC2FBB /* Release */,
			);
			defaultConfigurationIsVisible = 0;
			defaultConfigurationName = Release;
		};
/* End XCConfigurationList section */
	};
	rootObject = FF5A412A2E59DE2C00BC2FBB /* Project object */;
}
